
Microsoft Visual Studio Solution File, Format Version 12.00
# Visual Studio Version 17
VisualStudioVersion = 17.14.36121.58 d17.14
MinimumVisualStudioVersion = 10.0.40219.1
Project("{FAE04EC0-301F-11D3-BF4B-00C04F79EFBC}") = "WPFCase", "WPFCase\WPFCase.csproj", "{D07BF717-608C-4A77-9567-F8FDE13772D9}"
EndProject
Global
	GlobalSection(SolutionConfigurationPlatforms) = preSolution
		Debug|Any CPU = Debug|Any CPU
		Release|Any CPU = Release|Any CPU
	EndGlobalSection
	GlobalSection(ProjectConfigurationPlatforms) = postSolution
		{D07BF717-608C-4A77-9567-F8FDE13772D9}.Debug|Any CPU.ActiveCfg = Debug|Any CPU
		{D07BF717-608C-4A77-9567-F8FDE13772D9}.Debug|Any CPU.Build.0 = Debug|Any CPU
		{D07BF717-608C-4A77-9567-F8FDE13772D9}.Release|Any CPU.ActiveCfg = Release|Any CPU
		{D07BF717-608C-4A77-9567-F8FDE13772D9}.Release|Any CPU.Build.0 = Release|Any CPU
	EndGlobalSection
	GlobalSection(SolutionProperties) = preSolution
		HideSolutionNode = FALSE
	EndGlobalSection
	GlobalSection(ExtensibilityGlobals) = postSolution
		SolutionGuid = {EE1DC8F9-44E0-4273-ADAA-D41E2AFEA2A9}
	EndGlobalSection
EndGlobal
